# This file was autogenerated by Stack.
# You should not edit this file by hand.
# For more information, please see the documentation at:
#   https://docs.haskellstack.org/en/stable/lock_files

packages: []
snapshots:
- completed:
    sha256: 2413f1dbf803da9cab3b6970d868cf7cd4c013b8776dee3cebd8b8ecbf85514c
    size: 619614
    url: https://raw.githubusercontent.com/commercialhaskell/stackage-snapshots/master/nightly/2024/12/20.yaml
  original: nightly-2024-12-20
